filippo.io/edwards25519 v1.1.0/go.mod h1:BxyFTGdWcka3PhytdK4V28tE5sGfRvvvRV7EaN4VDT4=
filippo.io/edwards25519 v1.2.0 h1:crnVqOiS4jqYleHd9vaKZ+HKtHfllngJIiOpNpoJsjo=
filippo.io/edwards25519 v1.2.0/go.mod h1:xzAOLCNug/yB62zG1bQ8uziwrIqIuxhctzJT18Q77mc=
github.com/DATA-DOG/go-sqlmock v1.5.2 h1:OcvFkGmslmlZibjAjaHm3L//6LiuBgolP7OputlJIzU=
github.com/DATA-DOG/go-sqlmock v1.5.2/go.mod h1:88MAG/4G7SMwSE3CeA0ZKzrT5CiOU3OJ+JlNzwDqpNU=
github.com/cespare/xxhash/v2 v2.3.0 h1:UL815xU9SqsFlibzuggzjXhog7bL6oX9BbNZnL2UFvs=
github.com/cespare/xxhash/v2 v2.3.0/go.mod h1:VGX0DQ3Q6kWi7AoAeZDth3/j3BFtOZR5XLFGgcrjCOs=
github.com/go-sql-driver/mysql v1.8.1/go.mod h1:wEBSXgmK//2ZFJyE+qWnIsVGmvmEKlqwuVSjsCm7DZg=
github.com/go-sql-driver/mysql v1.10.1 h1:arlSnNLq6a5yxGxV7qg9lF4j0C+KwD6NbQyKr9QL6ME=
github.com/go-sql-driver/mysql v1.10.1/go.mod h1:M+cqaI7+xxXGG9swrdeUIoPG3Y3KCkF0pZej+SK+nWk=
github.com/google/gnostic v0.7.1 h1:t5Kc7j/8kYr8t2u11rykRrPPovlEMG4+xdc/SpekATs=
github.com/google/gnostic v0.7.1/go.mod h1:KSw6sxnxEBFM8jLPfJd46xZP+yQcfE8XkiqfZx5zR28=
github.com/google/gnostic-models v0.7.1 h1:SisTfuFKJSKM5CPZkffwi6coztzzeYUhc3v4yxLWH8c=
github.com/google/gnostic-models v0.7.1/go.mod h1:whL5G0m6dmc5cPxKc5bdKdEN3UjI7OUGxBlw57miDrQ=
github.com/google/go-cmp v0.7.0 h1:wk8382ETsv4JYUZwIsn6YpYiWiBsYLSJiTsyBybVuN8=
github.com/google/go-cmp v0.7.0/go.mod h1:pXiqmnSA92OHEEa9HXL2W4E7lf9JzCmGVUdgjX3N/iU=
github.com/google/uuid v1.6.0 h1:NIvaJDMOsjHA8n1jAhLSgzrAzy1Hgr+hNrb57e+94F0=
github.com/google/uuid v1.6.0/go.mod h1:TIyPZe4MgqvfeYDBFedMoGGpEw/LqOeaOT+nhxU+yHo=
github.com/jinzhu/copier v0.4.0 h1:w3ciUoD19shMCRargcpm0cm91ytaBhDvuRpz1ODO/U8=
github.com/jinzhu/copier v0.4.0/go.mod h1:DfbEm0FYsaqBcKcFuvmOZb218JkPGtvSHsKg8S8hyyg=
github.com/jmoiron/sqlx v1.4.0 h1:1PLqN7S1UYp5t4SrVVnt4nUVNemrDAtxlulVe+Qgm3o=
github.com/jmoiron/sqlx v1.4.0/go.mod h1:ZrZ7UsYB/weZdl2Bxg6jCRO9c3YHl8r3ahlKmRT4JLY=
github.com/lib/pq v1.10.9 h1:YXG7RB+JIjhP29X+OtkiDnYaXQwpS4JEWq7dtCCRUEw=
github.com/lib/pq v1.10.9/go.mod h1:AlVN5x4E4T544tWzH6hKfbfQvm3HdbOxrmggDNAPY9o=
github.com/mattn/go-sqlite3 v1.14.22 h1:2gZY6PC6kBnID23Tichd1K+Z0oS6nE/XwU+Vz/5o4kU=
github.com/mattn/go-sqlite3 v1.14.22/go.mod h1:Uh1q+B4BYcTPb+yiD3kU8Ct7aC0hY9fxUwlHK0RXw+Y=
github.com/mimokpl/go-crud/api v1.1.1 h1:3uucShGhNY7TSgUXi0eD6tj13VqoMcUYyC/FqoDk1Ic=
github.com/mimokpl/go-crud/api v1.1.1/go.mod h1:p3+4d2fjoo82UphH06ufluCTsLW0IHWSLYB1wGrVfnE=
github.com/mimokpl/go-crud/doris v1.1.1 h1:1Qr81Da6JppDmNRDXkA7SYcz0SV208yb2UGmoVU1/70=
github.com/mimokpl/go-crud/doris v1.1.1/go.mod h1:H/9zDYumenHI5WTZiRS3qGE19lZnfGwq/YRS3P1vloM=
github.com/mimokpl/go-crud/pagination v1.1.1 h1:/sHuX0gj2AXsBGtFxowk9vwylPxTxeFmWhQQF86BJVI=
github.com/mimokpl/go-crud/pagination v1.1.1/go.mod h1:GLCoZyum/hElWv4BCcedH66PstyWJafbqQdUWHEeR5o=
github.com/mimokpl/go-crud/viewer v1.1.1 h1:V1o32oC1D5sFOJrAF/a060cmnhozv92FinNqzYZXjp0=
github.com/mimokpl/go-crud/viewer v1.1.1/go.mod h1:AfziEX1p0JV3/kUvTjYusxMubg97c538q4OoyWorCJY=
github.com/mimokpl/go-utils v1.9.2 h1:aFMPDmCeFOqOfop8JAhTnm+C5fpM50bM5oroIpBPbCE=
github.com/mimokpl/go-utils v1.9.2/go.mod h1:H7AXvKkDzMq0B7+ySuQRu+9t9G+Bopg9WQhL3fp4e1c=
github.com/mimokpl/go-utils/mapper v1.9.2 h1:uwjnwpJBBQD89WRFIswlUpaCOp11VZU7/IMrkY+QdJA=
github.com/mimokpl/go-utils/mapper v1.9.2/go.mod h1:5UTRsRYaohataFFSl9Wm7o2WvRSAmKTXsWOQHZOTiTI=
github.com/mimokpl/miwin v1.1.1 h1:CMcSMJoNCyPRvGAMmFoeqM/yQm0/GSR0Y2T9O0yOtZ4=
github.com/mimokpl/miwin v1.1.1/go.mod h1:ks93yOnlsk3dN2rolRMduiuSLPSsnC5XAkXENU6Pe+A=
github.com/mimokpl/miwin-plugins/encoding v1.1.1 h1:lKo+19RqIVEuqYbXjNYkdjVcBkCxHZYkMIXmrOSImUA=
github.com/mimokpl/miwin-plugins/encoding v1.1.1/go.mod h1:XVAR9/K6RRwm7cCQ5lqZsl2c2/ITTK86r4fWBThB/wA=
github.com/mimokpl/miwin-plugins/encoding/json v1.1.1 h1:DbEn3aeIVe6y1zFyKWUoTzGBC+kN/0Y74d9QUCaVSW4=
github.com/mimokpl/miwin-plugins/encoding/json v1.1.1/go.mod h1:7/hE7ZMo1+BloVtwCENe09ZCCE6NB4ICoiLquk/30Dg=
github.com/stretchr/testify v1.12.1 h1:EuwCh5fleGS7H32xRwO3wRGT7DxrDhLAT6FF8MpWDWE=
github.com/stretchr/testify v1.12.1/go.mod h1:MDEgiDPPsNp5cuIrHPPCyornHKgEVbtFUmoNlxoYthg=
go.einride.tech/aip v0.86.3 h1:jg80Ec4XBPYg1i7avzrl3MJol/dUwmMMLHtcmEMyxgM=
go.einride.tech/aip v0.86.3/go.mod h1:dZuN/0sXeoscfWqsW8QLcLrGZdvsCC1B2R2CZ4kHmao=
go.opentelemetry.io/otel v1.46.0 h1:FHt5/CDyVxi/8IM1CH7VE/rRgq3kLHa2mSTVMO8AWyc=
go.opentelemetry.io/otel v1.46.0/go.mod h1:Gj3SEScelsNC45tp4nSxRYlS+f5iez7W8XPMCt905kE=
go.opentelemetry.io/otel/trace v1.46.0 h1:OULy7ccdJnZtJ0UDYFOIGaCmiWzJ8Vi2G/Rsu60qs1c=
go.opentelemetry.io/otel/trace v1.46.0/go.mod h1:J7GAXweO77XSFkB/rmAqk9D6ihszhFjLU+d9WuUxDLI=
go.yaml.in/yaml/v3 v3.0.5 h1:N6y/pJk8buWs9NY5ERU2HSMfm+IuD/OtfdAnq6kESPw=
go.yaml.in/yaml/v3 v3.0.5/go.mod h1:HVTZu1O7/Vkt2N+BFy8Zza+lnLsABggaTM2ZpNIGuKg=
golang.org/x/net v0.57.0 h1:K5+3DljvIuDG9/Jv9rvyMywYNFCQ9RSUY6OOTTkT+tE=
golang.org/x/net v0.57.0/go.mod h1:KpXc8iv+r3XplLAG/f7Jsf9RPszJzdR0f58q9vGOuEU=
golang.org/x/sys v0.47.0 h1:o7XGOvZQCADBQQ4Y7VNq2dRWQR7JmOUW8Kxx4ZsNgWs=
golang.org/x/sys v0.47.0/go.mod h1:4GL1E5IUh+htKOUEOaiffhrAeqysfVGipDYzABqnCmw=
golang.org/x/text v0.40.0 h1:Ub2Z6/xjgF1WrYQz2nuITOEegKFtiIy+rieRJ5lHZKs=
golang.org/x/text v0.40.0/go.mod h1:hpnzDAfGV753zIKo+wk3u1bVKCGPbrnF7+7LBF/UHVY=
google.golang.org/genproto v0.0.0-20240711142825-46eb208f015d h1:/hmn0Ku5kWij/kjGsrcJeC1T/MrJi2iNWwgAqrihFwc=
google.golang.org/genproto v0.0.0-20240711142825-46eb208f015d/go.mod h1:FfBgJBJg9GcpPvKIuHSZ/aE1g2ecGL74upMzGZjiGEY=
google.golang.org/genproto/googleapis/api v0.0.0-20260908043556-f8649ddbbfe6 h1:O4Tjo2vlGeGM3+tNgwJrGj5fQHO2V71gDkFqbm328C8=
google.golang.org/genproto/googleapis/api v0.0.0-20260908043556-f8649ddbbfe6/go.mod h1:r4KD2hOq82JBWpTWkJ9NZLf6EwmRvAPIFmk7hPNtd+0=
google.golang.org/genproto/googleapis/rpc v0.0.0-20260908043556-f8649ddbbfe6 h1:ieEbjQ6lzbvntOXUB9nMx9uH+yIU/HbgkNDjnk/mJuk=
google.golang.org/genproto/googleapis/rpc v0.0.0-20260908043556-f8649ddbbfe6/go.mod h1:DjtHYE8FKJLivXcBEjGwndXfIC23G0VpXiXKqG179uA=
google.golang.org/grpc v1.83.1 h1:HIO0+BEtBP6soyqvqC8sNUjZ7bTs+0hFQuFF+RAy++Y=
google.golang.org/grpc v1.83.1/go.mod h1:kDyl6SKsiHKt0uylY5gtn5cEjkrIOhQOGDgIc4JGwzQ=
google.golang.org/protobuf v1.36.12 h1:pJOKDDOyeXErUroCihFAd5LQuwXBSpVnKGrj5o/fwxc=
google.golang.org/protobuf v1.36.12/go.mod h1:HTf+CrKn2C3g5S8VImy6tdcUvCska2kB7j23XfzDpco=
gotest.tools/v3 v3.5.2 h1:7koQfIKdy+I8UTetycgUqXWSDwpgv193Ka+qRsmBY8Q=
gotest.tools/v3 v3.5.2/go.mod h1:LtdLGcnqToBH83WByAAi/wiwSFCArdFIUV/xxN4pcjA=
